
Microsoft Visual Studio Solution File, Format Version 12.00
# Visual Studio Version 17
VisualStudioVersion = 17.1.32210.238
MinimumVisualStudioVersion = 10.0.40219.1
Project("{9A19103F-16F7-4668-BE54-9A1E7A4F7556}") = "EFCore_Activity0302", "EFCore_Activity0302\EFCore_Activity0302.csproj", "{8F4F86BC-3891-4A8F-B4B3-C659D1DDC263}"
EndProject
Project("{9A19103F-16F7-4668-BE54-9A1E7A4F7556}") = "EFCore_DBLibrary", "EFCore_DBLibrary\EFCore_DBLibrary.csproj", "{DD29D502-9EEB-45BA-BEC7-B4671D0D9372}"
EndProject
Project("{9A19103F-16F7-4668-BE54-9A1E7A4F7556}") = "InventoryModels", "InventoryModels\InventoryModels.csproj", "{6F3A4452-5038-4F10-AAD6-DF3898FCF98D}"
EndProject
Project("{FAE04EC0-301F-11D3-BF4B-00C04F79EFBC}") = "InventoryHelpers", "InventoryHelpers\InventoryHelpers.csproj", "{BD6E8165-78B1-4944-8F4D-61E2A4805699}"
EndProject
Global
	GlobalSection(SolutionConfigurationPlatforms) = preSolution
		Debug|Any CPU = Debug|Any CPU
		Release|Any CPU = Release|Any CPU
	EndGlobalSection
	GlobalSection(ProjectConfigurationPlatforms) = postSolution
		{8F4F86BC-3891-4A8F-B4B3-C659D1DDC263}.Debug|Any CPU.ActiveCfg = Debug|Any CPU
		{8F4F86BC-3891-4A8F-B4B3-C659D1DDC263}.Debug|Any CPU.Build.0 = Debug|Any CPU
		{8F4F86BC-3891-4A8F-B4B3-C659D1DDC263}.Release|Any CPU.ActiveCfg = Release|Any CPU
		{8F4F86BC-3891-4A8F-B4B3-C659D1DDC263}.Release|Any CPU.Build.0 = Release|Any CPU
		{DD29D502-9EEB-45BA-BEC7-B4671D0D9372}.Debug|Any CPU.ActiveCfg = Debug|Any CPU
		{DD29D502-9EEB-45BA-BEC7-B4671D0D9372}.Debug|Any CPU.Build.0 = Debug|Any CPU
		{DD29D502-9EEB-45BA-BEC7-B4671D0D9372}.Release|Any CPU.ActiveCfg = Release|Any CPU
		{DD29D502-9EEB-45BA-BEC7-B4671D0D9372}.Release|Any CPU.Build.0 = Release|Any CPU
		{6F3A4452-5038-4F10-AAD6-DF3898FCF98D}.Debug|Any CPU.ActiveCfg = Debug|Any CPU
		{6F3A4452-5038-4F10-AAD6-DF3898FCF98D}.Debug|Any CPU.Build.0 = Debug|Any CPU
		{6F3A4452-5038-4F10-AAD6-DF3898FCF98D}.Release|Any CPU.ActiveCfg = Release|Any CPU
		{6F3A4452-5038-4F10-AAD6-DF3898FCF98D}.Release|Any CPU.Build.0 = Release|Any CPU
		{BD6E8165-78B1-4944-8F4D-61E2A4805699}.Debug|Any CPU.ActiveCfg = Debug|Any CPU
		{BD6E8165-78B1-4944-8F4D-61E2A4805699}.Debug|Any CPU.Build.0 = Debug|Any CPU
		{BD6E8165-78B1-4944-8F4D-61E2A4805699}.Release|Any CPU.ActiveCfg = Release|Any CPU
		{BD6E8165-78B1-4944-8F4D-61E2A4805699}.Release|Any CPU.Build.0 = Release|Any CPU
	EndGlobalSection
	GlobalSection(SolutionProperties) = preSolution
		HideSolutionNode = FALSE
	EndGlobalSection
	GlobalSection(ExtensibilityGlobals) = postSolution
		SolutionGuid = {6CCC8F51-750F-494B-A8D8-804F5A7AADF5}
	EndGlobalSection
EndGlobal
